# DO NOT EDIT MANUALLY - Managed by Fern Replay
version: "1.0"
generations:
  - commit_sha: 8dde77a4fb03ae4f7cb3606f20b0f83785f13430
    tree_hash: 6a56082fed18f2ae6173cb081b2c77dd2ef4ba07
    timestamp: 2026-05-20T21:31:30.715Z
    cli_version: unknown
    generator_versions: {}
current_generation: 8dde77a4fb03ae4f7cb3606f20b0f83785f13430
patches: []
