# DO NOT EDIT MANUALLY - Managed by Fern Replay
version: "1.0"
generations:
  - commit_sha: 8dde77a4fb03ae4f7cb3606f20b0f83785f13430
    tree_hash: 6a56082fed18f2ae6173cb081b2c77dd2ef4ba07
    timestamp: 2026-05-20T21:31:30.715Z
    cli_version: unknown
    generator_versions: {}
  - commit_sha: 16297a6c0d75c40e53d54a7c41b3c0263ab0ad16
    tree_hash: 5a5b8a31eee508209d9134335c15d14213ce31d0
    timestamp: 2026-07-15T18:43:28.205Z
    cli_version: unknown
    generator_versions:
      fernapi/fern-csharp-sdk: 2.69.2
  - commit_sha: aa22a3541d7d34287ea8ee55a7c5f675b77efe0a
    tree_hash: 18f949cb2290ab07cbbe4fb842819c83e7a6db5c
    timestamp: 2026-08-28T15:42:19.775Z
    cli_version: unknown
    generator_versions:
      fernapi/fern-csharp-sdk: 2.69.2
  - commit_sha: e2c0b09e59dfffc865d01da03ea43f82a2b3c4a7
    tree_hash: 3198ac11bcdc73afb8bb0706951f70f66471f293
    timestamp: 2026-09-11T18:13:23.999Z
    cli_version: unknown
    generator_versions:
      fernapi/fern-csharp-sdk: 2.69.2
current_generation: e2c0b09e59dfffc865d01da03ea43f82a2b3c4a7
patches: []
