
Microsoft Visual Studio Solution File, Format Version 12.00
# Visual Studio Version 17
VisualStudioVersion = 17.0.31903.59
MinimumVisualStudioVersion = 10.0.40219.1
Project("{FAE04EC0-301F-11D3-BF4B-00C04F79EFBC}") = "BasisTheory.Client", "BasisTheory.Client\BasisTheory.Client.csproj", "{AF2594CB-1A81-48FA-A0EA-A2DDCA4FCCA0}"
EndProject
Project("{FAE04EC0-301F-11D3-BF4B-00C04F79EFBC}") = "BasisTheory.Client.Test", "BasisTheory.Client.Test\BasisTheory.Client.Test.csproj", "{3C15B71B-1CD3-4A76-8378-E966CC805AC0}"
EndProject
Global
	GlobalSection(SolutionConfigurationPlatforms) = preSolution
		Debug|Any CPU = Debug|Any CPU
		Release|Any CPU = Release|Any CPU
	EndGlobalSection
	GlobalSection(SolutionProperties) = preSolution
		HideSolutionNode = FALSE
	EndGlobalSection
	GlobalSection(ProjectConfigurationPlatforms) = postSolution
		{AF2594CB-1A81-48FA-A0EA-A2DDCA4FCCA0}.Debug|Any CPU.ActiveCfg = Debug|Any CPU
		{AF2594CB-1A81-48FA-A0EA-A2DDCA4FCCA0}.Debug|Any CPU.Build.0 = Debug|Any CPU
		{AF2594CB-1A81-48FA-A0EA-A2DDCA4FCCA0}.Release|Any CPU.ActiveCfg = Release|Any CPU
		{AF2594CB-1A81-48FA-A0EA-A2DDCA4FCCA0}.Release|Any CPU.Build.0 = Release|Any CPU
		{3C15B71B-1CD3-4A76-8378-E966CC805AC0}.Debug|Any CPU.ActiveCfg = Debug|Any CPU
		{3C15B71B-1CD3-4A76-8378-E966CC805AC0}.Debug|Any CPU.Build.0 = Debug|Any CPU
		{3C15B71B-1CD3-4A76-8378-E966CC805AC0}.Release|Any CPU.ActiveCfg = Release|Any CPU
		{3C15B71B-1CD3-4A76-8378-E966CC805AC0}.Release|Any CPU.Build.0 = Release|Any CPU
	EndGlobalSection
EndGlobal
